{
  "name": "pastell",
  "version": "3.1.0",
  "lockfileVersion": 3,
  "requires": true,
  "packages": {
    "": {
      "name": "pastell",
      "version": "3.1.0",
      "license": "AGPL-3.0-only",
      "dependencies": {
        "@flowjs/flow.js": "^2.14.1",
        "@fortawesome/fontawesome-free": "^7.2.0",
        "@libriciel/ls-auth-native": "^7.0.2",
        "@libriciel/ls-bootstrap-5": "^1.0.4",
        "@libriciel/ls-elements-native": "^7.0.2",
        "@libriciel/ls-jquery-password": "1.2.3",
        "bootstrap": "^5.2",
        "jquery": "^4.0.0",
        "jquery-ui": "^1.14.2",
        "select2": "^4.1.0",
        "treeselectjs": "^0.14.0"
      }
    },
    "node_modules/@angular/core": {
      "version": "21.2.22",
      "resolved": "https://registry.npmjs.org/@angular/core/-/core-21.2.22.tgz",
      "integrity": "sha512-2pqDzm3T7/h7QF8XfDziVieEOZqNBM95qNgStM8vmJpFzhJEyLtD89xMQ0e365XcgaTOBEaMCWPswq6OuCIEUQ==",
      "license": "MIT",
      "peer": true,
      "dependencies": {
        "tslib": "^2.3.0"
      },
      "engines": {
        "node": "^20.19.0 || ^22.12.0 || >=24.0.0"
      },
      "peerDependencies": {
        "@angular/compiler": "21.2.22",
        "rxjs": "^6.5.3 || ^7.4.0",
        "zone.js": "~0.15.0 || ~0.16.0"
      },
      "peerDependenciesMeta": {
        "@angular/compiler": {
          "optional": true
        },
        "zone.js": {
          "optional": true
        }
      }
    },
    "node_modules/@flowjs/flow.js": {
      "version": "2.14.1",
      "resolved": "https://registry.npmjs.org/@flowjs/flow.js/-/flow.js-2.14.1.tgz",
      "integrity": "sha512-99DWlPnksOOS8uHfo+bhSjvs8d2MfLTB/22JBDC2ONwz/OCdP+gL/iiM4puMSTE2wH4A2/+J0eMc7pKwusXunw==",
      "license": "MIT"
    },
    "node_modules/@fortawesome/angular-fontawesome": {
      "version": "4.0.0",
      "resolved": "https://registry.npmjs.org/@fortawesome/angular-fontawesome/-/angular-fontawesome-4.0.0.tgz",
      "integrity": "sha512-TCqHqT5ovFY1A4RgMpoBUgS+RX3OVs39+CzHFgzDhbCPAopOa26J748TZJcuZwJAvGAk9tbWeVEmWuLByINAeg==",
      "license": "MIT",
      "peer": true,
      "dependencies": {
        "@fortawesome/fontawesome-svg-core": "^7.1.0",
        "tslib": "^2.8.1"
      },
      "peerDependencies": {
        "@angular/core": "^21.0.0"
      }
    },
    "node_modules/@fortawesome/fontawesome-common-types": {
      "version": "7.3.1",
      "resolved": "https://registry.npmjs.org/@fortawesome/fontawesome-common-types/-/fontawesome-common-types-7.3.1.tgz",
      "integrity": "sha512-k0C0sdHmZtAo6dRDtd1Z/qcpyHbL0CKsjV8seMY/21xGhY5Wsv0XRmiI/xEEH4y2c9b1+jvgNs/3EqhV27yUEA==",
      "license": "MIT",
      "peer": true,
      "engines": {
        "node": ">=6"
      }
    },
    "node_modules/@fortawesome/fontawesome-free": {
      "version": "7.3.1",
      "resolved": "https://registry.npmjs.org/@fortawesome/fontawesome-free/-/fontawesome-free-7.3.1.tgz",
      "integrity": "sha512-wmglKKPDIkgV3aWlZzWECCPoGIkYCulzBwxG9+w7rc5BGapZ6cPMpoPOT8k36J0Ni7PPX6c/rsoMWfS4d1MUMg==",
      "license": "(CC-BY-4.0 AND OFL-1.1 AND MIT)",
      "engines": {
        "node": ">=6"
      }
    },
    "node_modules/@fortawesome/fontawesome-svg-core": {
      "version": "7.3.1",
      "resolved": "https://registry.npmjs.org/@fortawesome/fontawesome-svg-core/-/fontawesome-svg-core-7.3.1.tgz",
      "integrity": "sha512-BoxVN3PKnMbgStHhjoaky/oWdxHomDqmBVA24IA3KEmssFGeI7u9YT/BJceOjIum/t6TpPa/vcMKaVYQeIQ/3Q==",
      "license": "MIT",
      "peer": true,
      "dependencies": {
        "@fortawesome/fontawesome-common-types": "7.3.1"
      },
      "engines": {
        "node": ">=6"
      }
    },
    "node_modules/@fortawesome/free-regular-svg-icons": {
      "version": "7.3.1",
      "resolved": "https://registry.npmjs.org/@fortawesome/free-regular-svg-icons/-/free-regular-svg-icons-7.3.1.tgz",
      "integrity": "sha512-q1EsmL7Q8DDnkRBUjSvrxbq7c9oVwwVjCn/xa5apKmdp65YSgzUg2y0Ltnd5aDbT6GdAQQdXql5Ha90ArqIReQ==",
      "license": "(CC-BY-4.0 AND MIT)",
      "peer": true,
      "dependencies": {
        "@fortawesome/fontawesome-common-types": "7.3.1"
      },
      "engines": {
        "node": ">=6"
      }
    },
    "node_modules/@fortawesome/free-solid-svg-icons": {
      "version": "7.3.1",
      "resolved": "https://registry.npmjs.org/@fortawesome/free-solid-svg-icons/-/free-solid-svg-icons-7.3.1.tgz",
      "integrity": "sha512-v0BLa0eqg7ubvVWeNSHVBs8fWH/GJicERZoJaxJ3FE/lj67VSqzoMg9pzfZVOfLMX10y0pGwQAuxoRVVH2patg==",
      "license": "(CC-BY-4.0 AND MIT)",
      "peer": true,
      "dependencies": {
        "@fortawesome/fontawesome-common-types": "7.3.1"
      },
      "engines": {
        "node": ">=6"
      }
    },
    "node_modules/@libriciel/ls-auth-native": {
      "version": "7.0.2",
      "resolved": "https://registry.npmjs.org/@libriciel/ls-auth-native/-/ls-auth-native-7.0.2.tgz",
      "integrity": "sha512-lAPtX4FcBA12MvwqSWaVaPobgrSiHQVcuYpGTfy7x4aQg0AH3j0CX+swn6HtyzW7eytpeYLXkOX94d2vzWETKg==",
      "peerDependencies": {
        "@libriciel/ls-elements-native": "7.0.2"
      }
    },
    "node_modules/@libriciel/ls-bootstrap-5": {
      "version": "1.0.4",
      "resolved": "https://registry.npmjs.org/@libriciel/ls-bootstrap-5/-/ls-bootstrap-5-1.0.4.tgz",
      "integrity": "sha512-NRLfCz4CXl3kvVqT0CkqjM1z33wXuRZb6vn0sBesN6HWNqkjewv2I/AGIbZD+Sw36rJCV2xZOq35NzQtjQ3N+g==",
      "license": "AGPL-3.0-or-later",
      "dependencies": {
        "bootstrap": "5.2.0",
        "jquery": "^3.6.1"
      }
    },
    "node_modules/@libriciel/ls-bootstrap-5/node_modules/bootstrap": {
      "version": "5.2.0",
      "resolved": "https://registry.npmjs.org/bootstrap/-/bootstrap-5.2.0.tgz",
      "integrity": "sha512-qlnS9GL6YZE6Wnef46GxGv1UpGGzAwO0aPL1yOjzDIJpeApeMvqV24iL+pjr2kU4dduoBA9fINKWKgMToobx9A==",
      "funding": [
        {
          "type": "github",
          "url": "https://github.com/sponsors/twbs"
        },
        {
          "type": "opencollective",
          "url": "https://opencollective.com/bootstrap"
        }
      ],
      "license": "MIT",
      "peerDependencies": {
        "@popperjs/core": "^2.11.5"
      }
    },
    "node_modules/@libriciel/ls-bootstrap-5/node_modules/jquery": {
      "version": "3.7.1",
      "resolved": "https://registry.npmjs.org/jquery/-/jquery-3.7.1.tgz",
      "integrity": "sha512-m4avr8yL8kmFN8psrbFFFmB/If14iN5o9nw/NgnnM+kybDJpRsAynV2BsfpTYrTRysYUdADVD7CkUUizgkpLfg==",
      "license": "MIT"
    },
    "node_modules/@libriciel/ls-elements-native": {
      "version": "7.0.2",
      "resolved": "https://registry.npmjs.org/@libriciel/ls-elements-native/-/ls-elements-native-7.0.2.tgz",
      "integrity": "sha512-7x57SZMfI7LkuLMRBjVsG1ZllCu/BSZ0BPMCF97Go4QUGA76/2R6YELYTRAnBAsXdKe/BtpzFZQSuaVsI54qrQ==",
      "peerDependencies": {
        "@fortawesome/angular-fontawesome": "~4.0.0",
        "@fortawesome/fontawesome-svg-core": "^7.2.0",
        "@fortawesome/free-regular-svg-icons": "^7.2.0",
        "@fortawesome/free-solid-svg-icons": "^7.2.0"
      }
    },
    "node_modules/@libriciel/ls-jquery-password": {
      "version": "1.2.3",
      "resolved": "https://registry.npmjs.org/@libriciel/ls-jquery-password/-/ls-jquery-password-1.2.3.tgz",
      "integrity": "sha512-1lUu5+/ShEejujcVtrqiH6WV1C+WI0IlJ+/nzWldK81NX0OqvX4nirPnjZUYN/WX/83/Db5B/bgIhHvrKvb3gw==",
      "deprecated": "Package no longer supported. Contact Support at https://www.npmjs.com/support for more info.",
      "license": "MIT",
      "dependencies": {
        "jquery": "^3.6.0"
      }
    },
    "node_modules/@libriciel/ls-jquery-password/node_modules/jquery": {
      "version": "3.7.1",
      "resolved": "https://registry.npmjs.org/jquery/-/jquery-3.7.1.tgz",
      "integrity": "sha512-m4avr8yL8kmFN8psrbFFFmB/If14iN5o9nw/NgnnM+kybDJpRsAynV2BsfpTYrTRysYUdADVD7CkUUizgkpLfg==",
      "license": "MIT"
    },
    "node_modules/@popperjs/core": {
      "version": "2.11.8",
      "resolved": "https://registry.npmjs.org/@popperjs/core/-/core-2.11.8.tgz",
      "integrity": "sha512-P1st0aksCrn9sGZhp8GMYwBnQsbvAWsZAX44oXNNvLHGqAOcoVxmjZiohstwQ7SqKnbR47akdNi+uleWD8+g6A==",
      "license": "MIT",
      "peer": true,
      "funding": {
        "type": "opencollective",
        "url": "https://opencollective.com/popperjs"
      }
    },
    "node_modules/bootstrap": {
      "version": "5.3.8",
      "resolved": "https://registry.npmjs.org/bootstrap/-/bootstrap-5.3.8.tgz",
      "integrity": "sha512-HP1SZDqaLDPwsNiqRqi5NcP0SSXciX2s9E+RyqJIIqGo+vJeN5AJVM98CXmW/Wux0nQ5L7jeWUdplCEf0Ee+tg==",
      "funding": [
        {
          "type": "github",
          "url": "https://github.com/sponsors/twbs"
        },
        {
          "type": "opencollective",
          "url": "https://opencollective.com/bootstrap"
        }
      ],
      "license": "MIT",
      "peerDependencies": {
        "@popperjs/core": "^2.11.8"
      }
    },
    "node_modules/jquery": {
      "version": "4.0.0",
      "resolved": "https://registry.npmjs.org/jquery/-/jquery-4.0.0.tgz",
      "integrity": "sha512-TXCHVR3Lb6TZdtw1l3RTLf8RBWVGexdxL6AC8/e0xZKEpBflBsjh9/8LXw+dkNFuOyW9B7iB3O1sP7hS0Kiacg==",
      "license": "MIT"
    },
    "node_modules/jquery-ui": {
      "version": "1.14.2",
      "resolved": "https://registry.npmjs.org/jquery-ui/-/jquery-ui-1.14.2.tgz",
      "integrity": "sha512-1gSl7PUjyipa2adSr780Ujk16faicrV7PjPPzPtvWk7tTqBnsqp67NNV9jZK2+BIxUPXWSnIUU/LBCgwgGZE+Q==",
      "license": "MIT",
      "dependencies": {
        "jquery": ">=1.12.0 <5.0.0"
      }
    },
    "node_modules/rxjs": {
      "version": "7.8.2",
      "resolved": "https://registry.npmjs.org/rxjs/-/rxjs-7.8.2.tgz",
      "integrity": "sha512-dhKf903U/PQZY6boNNtAGdWbG85WAbjT/1xYoZIC7FAY0yWapOBQVsVrDl58W86//e1VpMNBtRV4MaXfdMySFA==",
      "license": "Apache-2.0",
      "peer": true,
      "dependencies": {
        "tslib": "^2.1.0"
      }
    },
    "node_modules/select2": {
      "version": "4.1.0",
      "resolved": "https://registry.npmjs.org/select2/-/select2-4.1.0.tgz",
      "integrity": "sha512-i9KalWOP4/LRRGc8+rj2krNm0ZqP14cV+j1TRCEBSsOhCPkKH8rYZ2MCRXcgvqIqN+llqGci0hj9aVkCMvL0+g==",
      "license": "MIT",
      "engines": {
        "node": ">=24"
      }
    },
    "node_modules/treeselectjs": {
      "version": "0.14.2",
      "resolved": "https://registry.npmjs.org/treeselectjs/-/treeselectjs-0.14.2.tgz",
      "integrity": "sha512-ghfTBolgL49n+lIzgn3Z/UYaRChoChbYsZbhXqkpSYz5oANesbxzQNgbSeDpfpY1nrjxLDujv0g28oWIa2A8bQ==",
      "license": "MIT"
    },
    "node_modules/tslib": {
      "version": "2.8.1",
      "resolved": "https://registry.npmjs.org/tslib/-/tslib-2.8.1.tgz",
      "integrity": "sha512-oJFu94HQb+KVduSUQL7wnpmqnfmLsOA/nAh6b6EH0wCEoK0/mPeXU6c3wKDV83MkOuHPRHtSXKKU99IBazS/2w==",
      "license": "0BSD",
      "peer": true
    }
  }
}
